
Microsoft Visual Studio Solution File, Format Version 12.00
# Visual Studio Version 17
VisualStudioVersion = 17.9.34728.123
MinimumVisualStudioVersion = 10.0.40219.1
Project("{FAE04EC0-301F-11D3-BF4B-00C04F79EFBC}") = "MediLinkCB", "MediLinkCB.csproj", "{E3D17D4D-D100-41DA-BBCB-250CA481D473}"
EndProject
Project("{FAE04EC0-301F-11D3-BF4B-00C04F79EFBC}") = "MyApp.Tests", "..\MyApp.Tests\MyApp.Tests.csproj", "{15C6A041-33B4-4FC1-87B6-FE38DAF59394}"
EndProject
Global
	GlobalSection(SolutionConfigurationPlatforms) = preSolution
		Debug|Any CPU = Debug|Any CPU
		Release|Any CPU = Release|Any CPU
	EndGlobalSection
	GlobalSection(ProjectConfigurationPlatforms) = postSolution
		{E3D17D4D-D100-41DA-BBCB-250CA481D473}.Debug|Any CPU.ActiveCfg = Debug|Any CPU
		{E3D17D4D-D100-41DA-BBCB-250CA481D473}.Debug|Any CPU.Build.0 = Debug|Any CPU
		{E3D17D4D-D100-41DA-BBCB-250CA481D473}.Release|Any CPU.ActiveCfg = Release|Any CPU
		{E3D17D4D-D100-41DA-BBCB-250CA481D473}.Release|Any CPU.Build.0 = Release|Any CPU
		{15C6A041-33B4-4FC1-87B6-FE38DAF59394}.Debug|Any CPU.ActiveCfg = Debug|Any CPU
		{15C6A041-33B4-4FC1-87B6-FE38DAF59394}.Debug|Any CPU.Build.0 = Debug|Any CPU
		{15C6A041-33B4-4FC1-87B6-FE38DAF59394}.Release|Any CPU.ActiveCfg = Release|Any CPU
		{15C6A041-33B4-4FC1-87B6-FE38DAF59394}.Release|Any CPU.Build.0 = Release|Any CPU
	EndGlobalSection
	GlobalSection(SolutionProperties) = preSolution
		HideSolutionNode = FALSE
	EndGlobalSection
	GlobalSection(ExtensibilityGlobals) = postSolution
		SolutionGuid = {081F2054-FC1D-429E-A087-5C614148E588}
	EndGlobalSection
EndGlobal
